
Microsoft Visual Studio Solution File, Format Version 12.00
# Visual Studio Version 17
VisualStudioVersion = 17.2.32526.322
MinimumVisualStudioVersion = 10.0.40219.1
Project("{8BC9CEB8-8B4A-11D0-8D11-00A0C91BC942}") = "raylib", "..\..\3rdparty\raylib\projects\VS2019\raylib\raylib.vcxproj", "{E89D61AC-55DE-4482-AFD4-DF7242EBC859}"
EndProject
Project("{8BC9CEB8-8B4A-11D0-8D11-00A0C91BC942}") = "mihoyo_math", "mihoyo_math\mihoyo_math.vcxproj", "{3B98DBA5-3F84-479A-A65E-1925799F8FD3}"
EndProject
Project("{8BC9CEB8-8B4A-11D0-8D11-00A0C91BC942}") = "gridmap", "gridmap\gridmap.vcxproj", "{C50A836E-5D8B-4C92-BCA8-2AA5A2D1F69F}"
	ProjectSection(ProjectDependencies) = postProject
		{3B98DBA5-3F84-479A-A65E-1925799F8FD3} = {3B98DBA5-3F84-479A-A65E-1925799F8FD3}
		{E89D61AC-55DE-4482-AFD4-DF7242EBC859} = {E89D61AC-55DE-4482-AFD4-DF7242EBC859}
	EndProjectSection
EndProject
Project("{8BC9CEB8-8B4A-11D0-8D11-00A0C91BC942}") = "mihoyo", "mihoyo\mihoyo.vcxproj", "{B4B32144-E60A-4BE2-9D18-9089837C07AE}"
	ProjectSection(ProjectDependencies) = postProject
		{C50A836E-5D8B-4C92-BCA8-2AA5A2D1F69F} = {C50A836E-5D8B-4C92-BCA8-2AA5A2D1F69F}
	EndProjectSection
EndProject
Project("{2150E333-8FDC-42A3-9474-1A3956D46DE8}") = "解决方案项", "解决方案项", "{E8A65670-4C27-4F32-A761-A49A371D804C}"
	ProjectSection(SolutionItems) = preProject
		..\..\README.md = ..\..\README.md
	EndProjectSection
EndProject
Global
	GlobalSection(SolutionConfigurationPlatforms) = preSolution
		Debug|x64 = Debug|x64
		Debug|x86 = Debug|x86
		Release|x64 = Release|x64
		Release|x86 = Release|x86
	EndGlobalSection
	GlobalSection(ProjectConfigurationPlatforms) = postSolution
		{E89D61AC-55DE-4482-AFD4-DF7242EBC859}.Debug|x64.ActiveCfg = Debug|x64
		{E89D61AC-55DE-4482-AFD4-DF7242EBC859}.Debug|x64.Build.0 = Debug|x64
		{E89D61AC-55DE-4482-AFD4-DF7242EBC859}.Debug|x86.ActiveCfg = Debug|Win32
		{E89D61AC-55DE-4482-AFD4-DF7242EBC859}.Debug|x86.Build.0 = Debug|Win32
		{E89D61AC-55DE-4482-AFD4-DF7242EBC859}.Release|x64.ActiveCfg = Release|x64
		{E89D61AC-55DE-4482-AFD4-DF7242EBC859}.Release|x64.Build.0 = Release|x64
		{E89D61AC-55DE-4482-AFD4-DF7242EBC859}.Release|x86.ActiveCfg = Release|Win32
		{E89D61AC-55DE-4482-AFD4-DF7242EBC859}.Release|x86.Build.0 = Release|Win32
		{3B98DBA5-3F84-479A-A65E-1925799F8FD3}.Debug|x64.ActiveCfg = Debug|x64
		{3B98DBA5-3F84-479A-A65E-1925799F8FD3}.Debug|x64.Build.0 = Debug|x64
		{3B98DBA5-3F84-479A-A65E-1925799F8FD3}.Debug|x86.ActiveCfg = Debug|Win32
		{3B98DBA5-3F84-479A-A65E-1925799F8FD3}.Debug|x86.Build.0 = Debug|Win32
		{3B98DBA5-3F84-479A-A65E-1925799F8FD3}.Release|x64.ActiveCfg = Release|x64
		{3B98DBA5-3F84-479A-A65E-1925799F8FD3}.Release|x64.Build.0 = Release|x64
		{3B98DBA5-3F84-479A-A65E-1925799F8FD3}.Release|x86.ActiveCfg = Release|Win32
		{3B98DBA5-3F84-479A-A65E-1925799F8FD3}.Release|x86.Build.0 = Release|Win32
		{C50A836E-5D8B-4C92-BCA8-2AA5A2D1F69F}.Debug|x64.ActiveCfg = Debug|x64
		{C50A836E-5D8B-4C92-BCA8-2AA5A2D1F69F}.Debug|x64.Build.0 = Debug|x64
		{C50A836E-5D8B-4C92-BCA8-2AA5A2D1F69F}.Debug|x86.ActiveCfg = Debug|Win32
		{C50A836E-5D8B-4C92-BCA8-2AA5A2D1F69F}.Debug|x86.Build.0 = Debug|Win32
		{C50A836E-5D8B-4C92-BCA8-2AA5A2D1F69F}.Release|x64.ActiveCfg = Release|x64
		{C50A836E-5D8B-4C92-BCA8-2AA5A2D1F69F}.Release|x64.Build.0 = Release|x64
		{C50A836E-5D8B-4C92-BCA8-2AA5A2D1F69F}.Release|x86.ActiveCfg = Release|Win32
		{C50A836E-5D8B-4C92-BCA8-2AA5A2D1F69F}.Release|x86.Build.0 = Release|Win32
		{B4B32144-E60A-4BE2-9D18-9089837C07AE}.Debug|x64.ActiveCfg = Debug|x64
		{B4B32144-E60A-4BE2-9D18-9089837C07AE}.Debug|x64.Build.0 = Debug|x64
		{B4B32144-E60A-4BE2-9D18-9089837C07AE}.Debug|x86.ActiveCfg = Debug|Win32
		{B4B32144-E60A-4BE2-9D18-9089837C07AE}.Debug|x86.Build.0 = Debug|Win32
		{B4B32144-E60A-4BE2-9D18-9089837C07AE}.Release|x64.ActiveCfg = Release|x64
		{B4B32144-E60A-4BE2-9D18-9089837C07AE}.Release|x64.Build.0 = Release|x64
		{B4B32144-E60A-4BE2-9D18-9089837C07AE}.Release|x86.ActiveCfg = Release|Win32
		{B4B32144-E60A-4BE2-9D18-9089837C07AE}.Release|x86.Build.0 = Release|Win32
	EndGlobalSection
	GlobalSection(SolutionProperties) = preSolution
		HideSolutionNode = FALSE
	EndGlobalSection
	GlobalSection(ExtensibilityGlobals) = postSolution
		SolutionGuid = {F19681B8-6EAE-4A0A-A786-7A6A94E85FFD}
	EndGlobalSection
EndGlobal
